
Microsoft Visual Studio Solution File, Format Version 12.00
# Visual Studio 2012
Project("{2150E333-8FDC-42A3-9474-1A3956D46DE8}") = "ReservationService", "ReservationService", "{9B998C09-D573-4DDA-82CC-137E1218337B}"
EndProject
Project("{FAE04EC0-301F-11D3-BF4B-00C04F79EFBC}") = "Infrastructure", "Infrastructure\Infrastructure.csproj", "{D1F66D87-0B1A-4992-AFE4-0C2ABBBE2676}"
EndProject
Project("{FAE04EC0-301F-11D3-BF4B-00C04F79EFBC}") = "ReservationService.WebInterface", "ReservationService.WebInterface\ReservationService.WebInterface.csproj", "{88851CED-E9E2-47DD-84BD-FB4F89FFA961}"
EndProject
Project("{FAE04EC0-301F-11D3-BF4B-00C04F79EFBC}") = "ReservationService.Contracts", "ReservationService.Contracts\ReservationService.Contracts.csproj", "{411BEDB9-6B9C-4FDA-B67D-01A5D205894B}"
EndProject
Project("{2150E333-8FDC-42A3-9474-1A3956D46DE8}") = "RoomTypeDetailsService", "RoomTypeDetailsService", "{14EC71FA-26AE-4EC0-ACCB-8562350E8052}"
EndProject
Project("{FAE04EC0-301F-11D3-BF4B-00C04F79EFBC}") = "RoomTypeDetailsService.WebInterface", "RoomTypeDetailsService.WebInterface\RoomTypeDetailsService.WebInterface.csproj", "{9CDCDA54-928D-42CF-9697-672D7BAEE177}"
EndProject
Project("{2150E333-8FDC-42A3-9474-1A3956D46DE8}") = "GuestService", "GuestService", "{FAAC313B-8E4C-4913-BB4B-612BB7DF877B}"
EndProject
Project("{FAE04EC0-301F-11D3-BF4B-00C04F79EFBC}") = "GuestService.WebInterface", "GuestService.WebInterface\GuestService.WebInterface.csproj", "{F6C71FB3-5F27-49A9-B763-E8B17C664F53}"
EndProject
Project("{2150E333-8FDC-42A3-9474-1A3956D46DE8}") = "PaymentService", "PaymentService", "{1BCA23D7-9D4C-498D-B432-A91BAC65CE71}"
EndProject
Project("{FAE04EC0-301F-11D3-BF4B-00C04F79EFBC}") = "PaymentService.WebInterface", "PaymentService.WebInterface\PaymentService.WebInterface.csproj", "{23A02ADA-733E-4651-9143-AB9EE0C5498D}"
EndProject
Project("{FAE04EC0-301F-11D3-BF4B-00C04F79EFBC}") = "Infrastructure.Messaging.NServiceBus", "Infrastructure.Messaging.NServiceBus\Infrastructure.Messaging.NServiceBus.csproj", "{9D075CA7-2EFE-4D02-9CB1-218B76DD99D2}"
EndProject
Project("{2150E333-8FDC-42A3-9474-1A3956D46DE8}") = "Infrastructure", "Infrastructure", "{D9B2BAFB-6050-4F1B-9877-48C215731F28}"
EndProject
Project("{FAE04EC0-301F-11D3-BF4B-00C04F79EFBC}") = "CustomerWebsite.WebInterface", "CustomerWebsite.WebInterface\CustomerWebsite.WebInterface.csproj", "{4C882B0D-ACD4-4B44-9C39-BF1D9B625178}"
EndProject
Project("{2150E333-8FDC-42A3-9474-1A3956D46DE8}") = "CustomerWebsite", "CustomerWebsite", "{0504780C-A178-445F-9CCC-BDF79145AEF7}"
EndProject
Project("{2150E333-8FDC-42A3-9474-1A3956D46DE8}") = ".nuget", ".nuget", "{106FA6D2-2BD1-4322-92D0-2168A4A9AEEE}"
	ProjectSection(SolutionItems) = preProject
		.nuget\NuGet.Config = .nuget\NuGet.Config
		.nuget\NuGet.exe = .nuget\NuGet.exe
		.nuget\NuGet.targets = .nuget\NuGet.targets
	EndProjectSection
EndProject
Project("{2150E333-8FDC-42A3-9474-1A3956D46DE8}") = "PricingService", "PricingService", "{4B329885-B547-4B27-9EC7-2EFA97163ECB}"
EndProject
Project("{FAE04EC0-301F-11D3-BF4B-00C04F79EFBC}") = "PricingService.WebInterface", "PricingService.WebInterface\PricingService.WebInterface.csproj", "{EE50AF2A-EAE2-4A95-BA10-17D1F7AED357}"
EndProject
Project("{FAE04EC0-301F-11D3-BF4B-00C04F79EFBC}") = "CustomerWebsite.Contracts", "CustomerWebsite.Contracts\CustomerWebsite.Contracts.csproj", "{0559319B-C14E-4012-9F14-6CB351E31605}"
EndProject
Project("{FAE04EC0-301F-11D3-BF4B-00C04F79EFBC}") = "GuestService.Backend", "GuestService.Backend\GuestService.Backend.csproj", "{318C44A2-9A2E-4A2A-B527-D43CB6C49C90}"
EndProject
Project("{FAE04EC0-301F-11D3-BF4B-00C04F79EFBC}") = "PaymentService.Backend", "PaymentService.Backend\PaymentService.Backend.csproj", "{CF87E2D8-E751-471B-A1A5-F0FFCF3EF4D5}"
EndProject
Project("{FAE04EC0-301F-11D3-BF4B-00C04F79EFBC}") = "ReservationService.Backend", "ReservationService.Backend\ReservationService.Backend.csproj", "{C866A299-7017-411D-B3C1-E9D847E78A41}"
EndProject
Project("{FAE04EC0-301F-11D3-BF4B-00C04F79EFBC}") = "Infrastructure.HTTP.Session.AspNet", "Infrastructure.HTTP.Session.AspNet\Infrastructure.HTTP.Session.AspNet.csproj", "{FF856DF7-1BDD-49A6-934F-9AC18A7B4E12}"
EndProject
Project("{FAE04EC0-301F-11D3-BF4B-00C04F79EFBC}") = "ReservationService.MessageHandlers", "ReservationService.MessageHandlers\ReservationService.MessageHandlers.csproj", "{A55B0F18-3FE2-4D51-878F-8A99EE93477E}"
EndProject
Project("{FAE04EC0-301F-11D3-BF4B-00C04F79EFBC}") = "MessageProcessorHost", "MessageProcessorHost\MessageProcessorHost.csproj", "{B69F0508-8731-471B-BCF0-C2AE341F0A90}"
EndProject
Project("{FAE04EC0-301F-11D3-BF4B-00C04F79EFBC}") = "ReservationService.Backend.Tests", "ReservationService.Backend.Tests\ReservationService.Backend.Tests.csproj", "{8B4CF0AF-9AEF-4E1D-9553-76C5B541CC58}"
EndProject
Project("{FAE04EC0-301F-11D3-BF4B-00C04F79EFBC}") = "PaymentService.MessageHandlers", "PaymentService.MessageHandlers\PaymentService.MessageHandlers.csproj", "{6B4795BA-1E4D-4745-9953-E8E4877E549E}"
EndProject
Project("{2150E333-8FDC-42A3-9474-1A3956D46DE8}") = "ITOps", "ITOps", "{1D7BA924-A53B-4E6B-809A-4D558CBE6116}"
EndProject
Project("{FAE04EC0-301F-11D3-BF4B-00C04F79EFBC}") = "ITOps.PaymentProvider", "ITOps.PaymentProvider\ITOps.PaymentProvider.csproj", "{44077702-6FD0-4DAB-B8F3-B4FEF339E52A}"
EndProject
Project("{FAE04EC0-301F-11D3-BF4B-00C04F79EFBC}") = "ITOps.PaymentProvider.Commands", "ITOps.PaymentProvider.Commands\ITOps.PaymentProvider.Commands.csproj", "{1A0A4992-A1AD-42F0-BEDF-1643C25F1563}"
EndProject
Project("{FAE04EC0-301F-11D3-BF4B-00C04F79EFBC}") = "ITOps.PaymentProvider.Contracts", "ITOps.PaymentProvider.Contracts\ITOps.PaymentProvider.Contracts.csproj", "{CCC8C80D-7DF4-4246-BBC4-5E82A662A5E9}"
EndProject
Project("{FAE04EC0-301F-11D3-BF4B-00C04F79EFBC}") = "PricingService.Backend", "PricingService.Backend\PricingService.Backend.csproj", "{0DE5D053-E413-46B9-B3FA-58057A1D8BDA}"
EndProject
Global
	GlobalSection(SolutionConfigurationPlatforms) = preSolution
		Debug|Any CPU = Debug|Any CPU
		Release|Any CPU = Release|Any CPU
	EndGlobalSection
	GlobalSection(ProjectConfigurationPlatforms) = postSolution
		{D1F66D87-0B1A-4992-AFE4-0C2ABBBE2676}.Debug|Any CPU.ActiveCfg = Debug|Any CPU
		{D1F66D87-0B1A-4992-AFE4-0C2ABBBE2676}.Debug|Any CPU.Build.0 = Debug|Any CPU
		{D1F66D87-0B1A-4992-AFE4-0C2ABBBE2676}.Release|Any CPU.ActiveCfg = Release|Any CPU
		{D1F66D87-0B1A-4992-AFE4-0C2ABBBE2676}.Release|Any CPU.Build.0 = Release|Any CPU
		{88851CED-E9E2-47DD-84BD-FB4F89FFA961}.Debug|Any CPU.ActiveCfg = Debug|Any CPU
		{88851CED-E9E2-47DD-84BD-FB4F89FFA961}.Debug|Any CPU.Build.0 = Debug|Any CPU
		{88851CED-E9E2-47DD-84BD-FB4F89FFA961}.Release|Any CPU.ActiveCfg = Release|Any CPU
		{88851CED-E9E2-47DD-84BD-FB4F89FFA961}.Release|Any CPU.Build.0 = Release|Any CPU
		{411BEDB9-6B9C-4FDA-B67D-01A5D205894B}.Debug|Any CPU.ActiveCfg = Debug|Any CPU
		{411BEDB9-6B9C-4FDA-B67D-01A5D205894B}.Debug|Any CPU.Build.0 = Debug|Any CPU
		{411BEDB9-6B9C-4FDA-B67D-01A5D205894B}.Release|Any CPU.ActiveCfg = Release|Any CPU
		{411BEDB9-6B9C-4FDA-B67D-01A5D205894B}.Release|Any CPU.Build.0 = Release|Any CPU
		{9CDCDA54-928D-42CF-9697-672D7BAEE177}.Debug|Any CPU.ActiveCfg = Debug|Any CPU
		{9CDCDA54-928D-42CF-9697-672D7BAEE177}.Debug|Any CPU.Build.0 = Debug|Any CPU
		{9CDCDA54-928D-42CF-9697-672D7BAEE177}.Release|Any CPU.ActiveCfg = Release|Any CPU
		{9CDCDA54-928D-42CF-9697-672D7BAEE177}.Release|Any CPU.Build.0 = Release|Any CPU
		{F6C71FB3-5F27-49A9-B763-E8B17C664F53}.Debug|Any CPU.ActiveCfg = Debug|Any CPU
		{F6C71FB3-5F27-49A9-B763-E8B17C664F53}.Debug|Any CPU.Build.0 = Debug|Any CPU
		{F6C71FB3-5F27-49A9-B763-E8B17C664F53}.Release|Any CPU.ActiveCfg = Release|Any CPU
		{F6C71FB3-5F27-49A9-B763-E8B17C664F53}.Release|Any CPU.Build.0 = Release|Any CPU
		{23A02ADA-733E-4651-9143-AB9EE0C5498D}.Debug|Any CPU.ActiveCfg = Debug|Any CPU
		{23A02ADA-733E-4651-9143-AB9EE0C5498D}.Debug|Any CPU.Build.0 = Debug|Any CPU
		{23A02ADA-733E-4651-9143-AB9EE0C5498D}.Release|Any CPU.ActiveCfg = Release|Any CPU
		{23A02ADA-733E-4651-9143-AB9EE0C5498D}.Release|Any CPU.Build.0 = Release|Any CPU
		{9D075CA7-2EFE-4D02-9CB1-218B76DD99D2}.Debug|Any CPU.ActiveCfg = Debug|Any CPU
		{9D075CA7-2EFE-4D02-9CB1-218B76DD99D2}.Debug|Any CPU.Build.0 = Debug|Any CPU
		{9D075CA7-2EFE-4D02-9CB1-218B76DD99D2}.Release|Any CPU.ActiveCfg = Release|Any CPU
		{9D075CA7-2EFE-4D02-9CB1-218B76DD99D2}.Release|Any CPU.Build.0 = Release|Any CPU
		{4C882B0D-ACD4-4B44-9C39-BF1D9B625178}.Debug|Any CPU.ActiveCfg = Debug|Any CPU
		{4C882B0D-ACD4-4B44-9C39-BF1D9B625178}.Debug|Any CPU.Build.0 = Debug|Any CPU
		{4C882B0D-ACD4-4B44-9C39-BF1D9B625178}.Release|Any CPU.ActiveCfg = Release|Any CPU
		{4C882B0D-ACD4-4B44-9C39-BF1D9B625178}.Release|Any CPU.Build.0 = Release|Any CPU
		{EE50AF2A-EAE2-4A95-BA10-17D1F7AED357}.Debug|Any CPU.ActiveCfg = Debug|Any CPU
		{EE50AF2A-EAE2-4A95-BA10-17D1F7AED357}.Debug|Any CPU.Build.0 = Debug|Any CPU
		{EE50AF2A-EAE2-4A95-BA10-17D1F7AED357}.Release|Any CPU.ActiveCfg = Release|Any CPU
		{EE50AF2A-EAE2-4A95-BA10-17D1F7AED357}.Release|Any CPU.Build.0 = Release|Any CPU
		{0559319B-C14E-4012-9F14-6CB351E31605}.Debug|Any CPU.ActiveCfg = Debug|Any CPU
		{0559319B-C14E-4012-9F14-6CB351E31605}.Debug|Any CPU.Build.0 = Debug|Any CPU
		{0559319B-C14E-4012-9F14-6CB351E31605}.Release|Any CPU.ActiveCfg = Release|Any CPU
		{0559319B-C14E-4012-9F14-6CB351E31605}.Release|Any CPU.Build.0 = Release|Any CPU
		{318C44A2-9A2E-4A2A-B527-D43CB6C49C90}.Debug|Any CPU.ActiveCfg = Debug|Any CPU
		{318C44A2-9A2E-4A2A-B527-D43CB6C49C90}.Debug|Any CPU.Build.0 = Debug|Any CPU
		{318C44A2-9A2E-4A2A-B527-D43CB6C49C90}.Release|Any CPU.ActiveCfg = Release|Any CPU
		{318C44A2-9A2E-4A2A-B527-D43CB6C49C90}.Release|Any CPU.Build.0 = Release|Any CPU
		{CF87E2D8-E751-471B-A1A5-F0FFCF3EF4D5}.Debug|Any CPU.ActiveCfg = Debug|Any CPU
		{CF87E2D8-E751-471B-A1A5-F0FFCF3EF4D5}.Debug|Any CPU.Build.0 = Debug|Any CPU
		{CF87E2D8-E751-471B-A1A5-F0FFCF3EF4D5}.Release|Any CPU.ActiveCfg = Release|Any CPU
		{CF87E2D8-E751-471B-A1A5-F0FFCF3EF4D5}.Release|Any CPU.Build.0 = Release|Any CPU
		{C866A299-7017-411D-B3C1-E9D847E78A41}.Debug|Any CPU.ActiveCfg = Debug|Any CPU
		{C866A299-7017-411D-B3C1-E9D847E78A41}.Debug|Any CPU.Build.0 = Debug|Any CPU
		{C866A299-7017-411D-B3C1-E9D847E78A41}.Release|Any CPU.ActiveCfg = Release|Any CPU
		{C866A299-7017-411D-B3C1-E9D847E78A41}.Release|Any CPU.Build.0 = Release|Any CPU
		{FF856DF7-1BDD-49A6-934F-9AC18A7B4E12}.Debug|Any CPU.ActiveCfg = Debug|Any CPU
		{FF856DF7-1BDD-49A6-934F-9AC18A7B4E12}.Debug|Any CPU.Build.0 = Debug|Any CPU
		{FF856DF7-1BDD-49A6-934F-9AC18A7B4E12}.Release|Any CPU.ActiveCfg = Release|Any CPU
		{FF856DF7-1BDD-49A6-934F-9AC18A7B4E12}.Release|Any CPU.Build.0 = Release|Any CPU
		{A55B0F18-3FE2-4D51-878F-8A99EE93477E}.Debug|Any CPU.ActiveCfg = Debug|Any CPU
		{A55B0F18-3FE2-4D51-878F-8A99EE93477E}.Debug|Any CPU.Build.0 = Debug|Any CPU
		{A55B0F18-3FE2-4D51-878F-8A99EE93477E}.Release|Any CPU.ActiveCfg = Release|Any CPU
		{A55B0F18-3FE2-4D51-878F-8A99EE93477E}.Release|Any CPU.Build.0 = Release|Any CPU
		{B69F0508-8731-471B-BCF0-C2AE341F0A90}.Debug|Any CPU.ActiveCfg = Debug|Any CPU
		{B69F0508-8731-471B-BCF0-C2AE341F0A90}.Debug|Any CPU.Build.0 = Debug|Any CPU
		{B69F0508-8731-471B-BCF0-C2AE341F0A90}.Release|Any CPU.ActiveCfg = Release|Any CPU
		{B69F0508-8731-471B-BCF0-C2AE341F0A90}.Release|Any CPU.Build.0 = Release|Any CPU
		{8B4CF0AF-9AEF-4E1D-9553-76C5B541CC58}.Debug|Any CPU.ActiveCfg = Debug|Any CPU
		{8B4CF0AF-9AEF-4E1D-9553-76C5B541CC58}.Debug|Any CPU.Build.0 = Debug|Any CPU
		{8B4CF0AF-9AEF-4E1D-9553-76C5B541CC58}.Release|Any CPU.ActiveCfg = Release|Any CPU
		{8B4CF0AF-9AEF-4E1D-9553-76C5B541CC58}.Release|Any CPU.Build.0 = Release|Any CPU
		{6B4795BA-1E4D-4745-9953-E8E4877E549E}.Debug|Any CPU.ActiveCfg = Debug|Any CPU
		{6B4795BA-1E4D-4745-9953-E8E4877E549E}.Debug|Any CPU.Build.0 = Debug|Any CPU
		{6B4795BA-1E4D-4745-9953-E8E4877E549E}.Release|Any CPU.ActiveCfg = Release|Any CPU
		{6B4795BA-1E4D-4745-9953-E8E4877E549E}.Release|Any CPU.Build.0 = Release|Any CPU
		{44077702-6FD0-4DAB-B8F3-B4FEF339E52A}.Debug|Any CPU.ActiveCfg = Debug|Any CPU
		{44077702-6FD0-4DAB-B8F3-B4FEF339E52A}.Debug|Any CPU.Build.0 = Debug|Any CPU
		{44077702-6FD0-4DAB-B8F3-B4FEF339E52A}.Release|Any CPU.ActiveCfg = Release|Any CPU
		{44077702-6FD0-4DAB-B8F3-B4FEF339E52A}.Release|Any CPU.Build.0 = Release|Any CPU
		{1A0A4992-A1AD-42F0-BEDF-1643C25F1563}.Debug|Any CPU.ActiveCfg = Debug|Any CPU
		{1A0A4992-A1AD-42F0-BEDF-1643C25F1563}.Debug|Any CPU.Build.0 = Debug|Any CPU
		{1A0A4992-A1AD-42F0-BEDF-1643C25F1563}.Release|Any CPU.ActiveCfg = Release|Any CPU
		{1A0A4992-A1AD-42F0-BEDF-1643C25F1563}.Release|Any CPU.Build.0 = Release|Any CPU
		{CCC8C80D-7DF4-4246-BBC4-5E82A662A5E9}.Debug|Any CPU.ActiveCfg = Debug|Any CPU
		{CCC8C80D-7DF4-4246-BBC4-5E82A662A5E9}.Debug|Any CPU.Build.0 = Debug|Any CPU
		{CCC8C80D-7DF4-4246-BBC4-5E82A662A5E9}.Release|Any CPU.ActiveCfg = Release|Any CPU
		{CCC8C80D-7DF4-4246-BBC4-5E82A662A5E9}.Release|Any CPU.Build.0 = Release|Any CPU
		{0DE5D053-E413-46B9-B3FA-58057A1D8BDA}.Debug|Any CPU.ActiveCfg = Debug|Any CPU
		{0DE5D053-E413-46B9-B3FA-58057A1D8BDA}.Debug|Any CPU.Build.0 = Debug|Any CPU
		{0DE5D053-E413-46B9-B3FA-58057A1D8BDA}.Release|Any CPU.ActiveCfg = Release|Any CPU
		{0DE5D053-E413-46B9-B3FA-58057A1D8BDA}.Release|Any CPU.Build.0 = Release|Any CPU
	EndGlobalSection
	GlobalSection(SolutionProperties) = preSolution
		HideSolutionNode = FALSE
	EndGlobalSection
	GlobalSection(NestedProjects) = preSolution
		{88851CED-E9E2-47DD-84BD-FB4F89FFA961} = {9B998C09-D573-4DDA-82CC-137E1218337B}
		{411BEDB9-6B9C-4FDA-B67D-01A5D205894B} = {9B998C09-D573-4DDA-82CC-137E1218337B}
		{C866A299-7017-411D-B3C1-E9D847E78A41} = {9B998C09-D573-4DDA-82CC-137E1218337B}
		{A55B0F18-3FE2-4D51-878F-8A99EE93477E} = {9B998C09-D573-4DDA-82CC-137E1218337B}
		{8B4CF0AF-9AEF-4E1D-9553-76C5B541CC58} = {9B998C09-D573-4DDA-82CC-137E1218337B}
		{9D075CA7-2EFE-4D02-9CB1-218B76DD99D2} = {D9B2BAFB-6050-4F1B-9877-48C215731F28}
		{D1F66D87-0B1A-4992-AFE4-0C2ABBBE2676} = {D9B2BAFB-6050-4F1B-9877-48C215731F28}
		{FF856DF7-1BDD-49A6-934F-9AC18A7B4E12} = {D9B2BAFB-6050-4F1B-9877-48C215731F28}
		{9CDCDA54-928D-42CF-9697-672D7BAEE177} = {14EC71FA-26AE-4EC0-ACCB-8562350E8052}
		{F6C71FB3-5F27-49A9-B763-E8B17C664F53} = {FAAC313B-8E4C-4913-BB4B-612BB7DF877B}
		{318C44A2-9A2E-4A2A-B527-D43CB6C49C90} = {FAAC313B-8E4C-4913-BB4B-612BB7DF877B}
		{23A02ADA-733E-4651-9143-AB9EE0C5498D} = {1BCA23D7-9D4C-498D-B432-A91BAC65CE71}
		{CF87E2D8-E751-471B-A1A5-F0FFCF3EF4D5} = {1BCA23D7-9D4C-498D-B432-A91BAC65CE71}
		{6B4795BA-1E4D-4745-9953-E8E4877E549E} = {1BCA23D7-9D4C-498D-B432-A91BAC65CE71}
		{4C882B0D-ACD4-4B44-9C39-BF1D9B625178} = {0504780C-A178-445F-9CCC-BDF79145AEF7}
		{0559319B-C14E-4012-9F14-6CB351E31605} = {0504780C-A178-445F-9CCC-BDF79145AEF7}
		{EE50AF2A-EAE2-4A95-BA10-17D1F7AED357} = {4B329885-B547-4B27-9EC7-2EFA97163ECB}
		{0DE5D053-E413-46B9-B3FA-58057A1D8BDA} = {4B329885-B547-4B27-9EC7-2EFA97163ECB}
		{44077702-6FD0-4DAB-B8F3-B4FEF339E52A} = {1D7BA924-A53B-4E6B-809A-4D558CBE6116}
		{1A0A4992-A1AD-42F0-BEDF-1643C25F1563} = {1D7BA924-A53B-4E6B-809A-4D558CBE6116}
		{CCC8C80D-7DF4-4246-BBC4-5E82A662A5E9} = {1D7BA924-A53B-4E6B-809A-4D558CBE6116}
	EndGlobalSection
EndGlobal
